// !$*UTF8*$!
{
	archiveVersion = 1;
	classes = {
	};
	objectVersion = 50;
	objects = {

/* Begin PBXBuildFile section */
		EB02C1052378F98700F391F7 /* main.cpp in Sources */ = {isa = PBXBuildFile; fileRef = EB02C1042378F98700F391F7 /* main.cpp */; };
		EB02C10F2378FAA200F391F7 /* gameboard.cpp in Sources */ = {isa = PBXBuildFile; fileRef = EB02C10D2378FAA200F391F7 /* gameboard.cpp */; };
		EB02C113237917FF00F391F7 /* cell.cpp in Sources */ = {isa = PBXBuildFile; fileRef = EB02C111237917FF00F391F7 /* cell.cpp */; };
		EB5F31FA237E649700309DD6 /* solver.cpp in Sources */ = {isa = PBXBuildFile; fileRef = EB5F31F8237E649700309DD6 /* solver.cpp */; };
/* End PBXBuildFile section */

/* Begin PBXCopyFilesBuildPhase section */
		EB02C0FF2378F98700F391F7 /* CopyFiles */ = {
			isa = PBXCopyFilesBuildPhase;
			buildActionMask = 2147483647;
			dstPath = /usr/share/man/man1/;
			dstSubfolderSpec = 0;
			files = (
			);
			runOnlyForDeploymentPostprocessing = 1;
		};
/* End PBXCopyFilesBuildPhase section */

/* Begin PBXFileReference section */
		EB02C1012378F98700F391F7 /* sudoku-solver */ = {isa = PBXFileReference; explicitFileType = "compiled.mach-o.executable"; includeInIndex = 0; path = "sudoku-solver"; sourceTree = BUILT_PRODUCTS_DIR; };
		EB02C1042378F98700F391F7 /* main.cpp */ = {isa = PBXFileReference; lastKnownFileType = sourcecode.cpp.cpp; path = main.cpp; sourceTree = "<group>"; };
		EB02C10D2378FAA200F391F7 /* gameboard.cpp */ = {isa = PBXFileReference; lastKnownFileType = sourcecode.cpp.cpp; path = gameboard.cpp; sourceTree = "<group>"; };
		EB02C10E2378FAA200F391F7 /* gameboard.hpp */ = {isa = PBXFileReference; lastKnownFileType = sourcecode.cpp.h; path = gameboard.hpp; sourceTree = "<group>"; };
		EB02C111237917FF00F391F7 /* cell.cpp */ = {isa = PBXFileReference; lastKnownFileType = sourcecode.cpp.cpp; path = cell.cpp; sourceTree = "<group>"; };
		EB02C112237917FF00F391F7 /* cell.hpp */ = {isa = PBXFileReference; lastKnownFileType = sourcecode.cpp.h; path = cell.hpp; sourceTree = "<group>"; };
		EB5F31F8237E649700309DD6 /* solver.cpp */ = {isa = PBXFileReference; lastKnownFileType = sourcecode.cpp.cpp; path = solver.cpp; sourceTree = "<group>"; };
		EB5F31F9237E649700309DD6 /* solver.hpp */ = {isa = PBXFileReference; lastKnownFileType = sourcecode.cpp.h; path = solver.hpp; sourceTree = "<group>"; };
/* End PBXFileReference section */

/* Begin PBXFrameworksBuildPhase section */
		EB02C0FE2378F98700F391F7 /* Frameworks */ = {
			isa = PBXFrameworksBuildPhase;
			buildActionMask = 2147483647;
			files = (
			);
			runOnlyForDeploymentPostprocessing = 0;
		};
/* End PBXFrameworksBuildPhase section */

/* Begin PBXGroup section */
		EB02C0F82378F98700F391F7 = {
			isa = PBXGroup;
			children = (
				EB02C1032378F98700F391F7 /* sudoku-solver */,
				EB02C1022378F98700F391F7 /* Products */,
			);
			sourceTree = "<group>";
		};
		EB02C1022378F98700F391F7 /* Products */ = {
			isa = PBXGroup;
			children = (
				EB02C1012378F98700F391F7 /* sudoku-solver */,
			);
			name = Products;
			sourceTree = "<group>";
		};
		EB02C1032378F98700F391F7 /* sudoku-solver */ = {
			isa = PBXGroup;
			children = (
				EB5F31F7237E647700309DD6 /* solver */,
				EB02C110237917D900F391F7 /* cell */,
				EB02C10C2378FA8200F391F7 /* gameboard */,
				EB02C1042378F98700F391F7 /* main.cpp */,
			);
			path = "sudoku-solver";
			sourceTree = "<group>";
		};
		EB02C10C2378FA8200F391F7 /* gameboard */ = {
			isa = PBXGroup;
			children = (
				EB02C10D2378FAA200F391F7 /* gameboard.cpp */,
				EB02C10E2378FAA200F391F7 /* gameboard.hpp */,
			);
			path = gameboard;
			sourceTree = "<group>";
		};
		EB02C110237917D900F391F7 /* cell */ = {
			isa = PBXGroup;
			children = (
				EB02C111237917FF00F391F7 /* cell.cpp */,
				EB02C112237917FF00F391F7 /* cell.hpp */,
			);
			path = cell;
			sourceTree = "<group>";
		};
		EB5F31F7237E647700309DD6 /* solver */ = {
			isa = PBXGroup;
			children = (
				EB5F31F8237E649700309DD6 /* solver.cpp */,
				EB5F31F9237E649700309DD6 /* solver.hpp */,
			);
			path = solver;
			sourceTree = "<group>";
		};
/* End PBXGroup section */

/* Begin PBXNativeTarget section */
		EB02C1002378F98700F391F7 /* sudoku-solver */ = {
			isa = PBXNativeTarget;
			buildConfigurationList = EB02C1082378F98700F391F7 /* Build configuration list for PBXNativeTarget "sudoku-solver" */;
			buildPhases = (
				EB02C0FD2378F98700F391F7 /* Sources */,
				EB02C0FE2378F98700F391F7 /* Frameworks */,
				EB02C0FF2378F98700F391F7 /* CopyFiles */,
			);
			buildRules = (
			);
			dependencies = (
			);
			name = "sudoku-solver";
			productName = "sudoku-solver";
			productReference = EB02C1012378F98700F391F7 /* sudoku-solver */;
			productType = "com.apple.product-type.tool";
		};
/* End PBXNativeTarget section */

/* Begin PBXProject section */
		EB02C0F92378F98700F391F7 /* Project object */ = {
			isa = PBXProject;
			attributes = {
				LastUpgradeCheck = 1110;
				ORGANIZATIONNAME = "Hanna Alam";
				TargetAttributes = {
					EB02C1002378F98700F391F7 = {
						CreatedOnToolsVersion = 11.1;
					};
				};
			};
			buildConfigurationList = EB02C0FC2378F98700F391F7 /* Build configuration list for PBXProject "sudoku-solver" */;
			compatibilityVersion = "Xcode 9.3";
			developmentRegion = en;
			hasScannedForEncodings = 0;
			knownRegions = (
				en,
				Base,
			);
			mainGroup = EB02C0F82378F98700F391F7;
			productRefGroup = EB02C1022378F98700F391F7 /* Products */;
			projectDirPath = "";
			projectRoot = "";
			targets = (
				EB02C1002378F98700F391F7 /* sudoku-solver */,
			);
		};
/* End PBXProject section */

/* Begin PBXSourcesBuildPhase section */
		EB02C0FD2378F98700F391F7 /* Sources */ = {
			isa = PBXSourcesBuildPhase;
			buildActionMask = 2147483647;
			files = (
				EB02C10F2378FAA200F391F7 /* gameboard.cpp in Sources */,
				EB02C1052378F98700F391F7 /* main.cpp in Sources */,
				EB5F31FA237E649700309DD6 /* solver.cpp in Sources */,
				EB02C113237917FF00F391F7 /* cell.cpp in Sources */,
			);
			runOnlyForDeploymentPostprocessing = 0;
		};
/* End PBXSourcesBuildPhase section */

/* Begin XCBuildConfiguration section */
		EB02C1062378F98700F391F7 /* Debug */ = {
			isa = XCBuildConfiguration;
			buildSettings = {
				ALWAYS_SEARCH_USER_PATHS = NO;
				CLANG_ANALYZER_NONNULL = YES;
				CLANG_ANALYZER_NUMBER_OBJECT_CONVERSION = YES_AGGRESSIVE;
				CLANG_CXX_LANGUAGE_STANDARD = "gnu++14";
				CLANG_CXX_LIBRARY = "libc++";
				CLANG_ENABLE_MODULES = YES;
				CLANG_ENABLE_OBJC_ARC = YES;
				CLANG_ENABLE_OBJC_WEAK = YES;
				CLANG_WARN_BLOCK_CAPTURE_AUTORELEASING = YES;
				CLANG_WARN_BOOL_CONVERSION = YES;
				CLANG_WARN_COMMA = YES;
				CLANG_WARN_CONSTANT_CONVERSION = YES;
				CLANG_WARN_DEPRECATED_OBJC_IMPLEMENTATIONS = YES;
				CLANG_WARN_DIRECT_OBJC_ISA_USAGE = YES_ERROR;
				CLANG_WARN_DOCUMENTATION_COMMENTS = YES;
				CLANG_WARN_EMPTY_BODY = YES;
				CLANG_WARN_ENUM_CONVERSION = YES;
				CLANG_WARN_INFINITE_RECURSION = YES;
				CLANG_WARN_INT_CONVERSION = YES;
				CLANG_WARN_NON_LITERAL_NULL_CONVERSION = YES;
				CLANG_WARN_OBJC_IMPLICIT_RETAIN_SELF = YES;
				CLANG_WARN_OBJC_LITERAL_CONVERSION = YES;
				CLANG_WARN_OBJC_ROOT_CLASS = YES_ERROR;
				CLANG_WARN_RANGE_LOOP_ANALYSIS = YES;
				CLANG_WARN_STRICT_PROTOTYPES = YES;
				CLANG_WARN_SUSPICIOUS_MOVE = YES;
				CLANG_WARN_UNGUARDED_AVAILABILITY = YES_AGGRESSIVE;
				CLANG_WARN_UNREACHABLE_CODE = YES;
				CLANG_WARN__DUPLICATE_METHOD_MATCH = YES;
				COPY_PHASE_STRIP = NO;
				DEBUG_INFORMATION_FORMAT = dwarf;
				ENABLE_STRICT_OBJC_MSGSEND = YES;
				ENABLE_TESTABILITY = YES;
				GCC_C_LANGUAGE_STANDARD = gnu11;
				GCC_DYNAMIC_NO_PIC = NO;
				GCC_NO_COMMON_BLOCKS = YES;
				GCC_OPTIMIZATION_LEVEL = 0;
				GCC_PREPROCESSOR_DEFINITIONS = (
					"DEBUG=1",
					"$(inherited)",
				);
				GCC_WARN_64_TO_32_BIT_CONVERSION = YES;
				GCC_WARN_ABOUT_RETURN_TYPE = YES_ERROR;
				GCC_WARN_UNDECLARED_SELECTOR = YES;
				GCC_WARN_UNINITIALIZED_AUTOS = YES_AGGRESSIVE;
				GCC_WARN_UNUSED_FUNCTION = YES;
				GCC_WARN_UNUSED_VARIABLE = YES;
				MACOSX_DEPLOYMENT_TARGET = 10.15;
				MTL_ENABLE_DEBUG_INFO = INCLUDE_SOURCE;
				MTL_FAST_MATH = YES;
				ONLY_ACTIVE_ARCH = YES;
				SDKROOT = macosx;
			};
			name = Debug;
		};
		EB02C1072378F98700F391F7 /* Release */ = {
			isa = XCBuildConfiguration;
			buildSettings = {
				ALWAYS_SEARCH_USER_PATHS = NO;
				CLANG_ANALYZER_NONNULL = YES;
				CLANG_ANALYZER_NUMBER_OBJECT_CONVERSION = YES_AGGRESSIVE;
				CLANG_CXX_LANGUAGE_STANDARD = "gnu++14";
				CLANG_CXX_LIBRARY = "libc++";
				CLANG_ENABLE_MODULES = YES;
				CLANG_ENABLE_OBJC_ARC = YES;
				CLANG_ENABLE_OBJC_WEAK = YES;
				CLANG_WARN_BLOCK_CAPTURE_AUTORELEASING = YES;
				CLANG_WARN_BOOL_CONVERSION = YES;
				CLANG_WARN_COMMA = YES;
				CLANG_WARN_CONSTANT_CONVERSION = YES;
				CLANG_WARN_DEPRECATED_OBJC_IMPLEMENTATIONS = YES;
				CLANG_WARN_DIRECT_OBJC_ISA_USAGE = YES_ERROR;
				CLANG_WARN_DOCUMENTATION_COMMENTS = YES;
				CLANG_WARN_EMPTY_BODY = YES;
				CLANG_WARN_ENUM_CONVERSION = YES;
				CLANG_WARN_INFINITE_RECURSION = YES;
				CLANG_WARN_INT_CONVERSION = YES;
				CLANG_WARN_NON_LITERAL_NULL_CONVERSION = YES;
				CLANG_WARN_OBJC_IMPLICIT_RETAIN_SELF = YES;
				CLANG_WARN_OBJC_LITERAL_CONVERSION = YES;
				CLANG_WARN_OBJC_ROOT_CLASS = YES_ERROR;
				CLANG_WARN_RANGE_LOOP_ANALYSIS = YES;
				CLANG_WARN_STRICT_PROTOTYPES = YES;
				CLANG_WARN_SUSPICIOUS_MOVE = YES;
				CLANG_WARN_UNGUARDED_AVAILABILITY = YES_AGGRESSIVE;
				CLANG_WARN_UNREACHABLE_CODE = YES;
				CLANG_WARN__DUPLICATE_METHOD_MATCH = YES;
				COPY_PHASE_STRIP = NO;
				DEBUG_INFORMATION_FORMAT = "dwarf-with-dsym";
				ENABLE_NS_ASSERTIONS = NO;
				ENABLE_STRICT_OBJC_MSGSEND = YES;
				GCC_C_LANGUAGE_STANDARD = gnu11;
				GCC_NO_COMMON_BLOCKS = YES;
				GCC_WARN_64_TO_32_BIT_CONVERSION = YES;
				GCC_WARN_ABOUT_RETURN_TYPE = YES_ERROR;
				GCC_WARN_UNDECLARED_SELECTOR = YES;
				GCC_WARN_UNINITIALIZED_AUTOS = YES_AGGRESSIVE;
				GCC_WARN_UNUSED_FUNCTION = YES;
				GCC_WARN_UNUSED_VARIABLE = YES;
				MACOSX_DEPLOYMENT_TARGET = 10.15;
				MTL_ENABLE_DEBUG_INFO = NO;
				MTL_FAST_MATH = YES;
				SDKROOT = macosx;
			};
			name = Release;
		};
		EB02C1092378F98700F391F7 /* Debug */ = {
			isa = XCBuildConfiguration;
			buildSettings = {
				CODE_SIGN_STYLE = Automatic;
				DEVELOPMENT_TEAM = 78K3665H84;
				ENABLE_HARDENED_RUNTIME = YES;
				PRODUCT_NAME = "$(TARGET_NAME)";
			};
			name = Debug;
		};
		EB02C10A2378F98700F391F7 /* Release */ = {
			isa = XCBuildConfiguration;
			buildSettings = {
				CODE_SIGN_STYLE = Automatic;
				DEVELOPMENT_TEAM = 78K3665H84;
				ENABLE_HARDENED_RUNTIME = YES;
				PRODUCT_NAME = "$(TARGET_NAME)";
			};
			name = Release;
		};
/* End XCBuildConfiguration section */

/* Begin XCConfigurationList section */
		EB02C0FC2378F98700F391F7 /* Build configuration list for PBXProject "sudoku-solver" */ = {
			isa = XCConfigurationList;
			buildConfigurations = (
				EB02C1062378F98700F391F7 /* Debug */,
				EB02C1072378F98700F391F7 /* Release */,
			);
			defaultConfigurationIsVisible = 0;
			defaultConfigurationName = Release;
		};
		EB02C1082378F98700F391F7 /* Build configuration list for PBXNativeTarget "sudoku-solver" */ = {
			isa = XCConfigurationList;
			buildConfigurations = (
				EB02C1092378F98700F391F7 /* Debug */,
				EB02C10A2378F98700F391F7 /* Release */,
			);
			defaultConfigurationIsVisible = 0;
			defaultConfigurationName = Release;
		};
/* End XCConfigurationList section */
	};
	rootObject = EB02C0F92378F98700F391F7 /* Project object */;
}
